
Microsoft Visual Studio Solution File, Format Version 12.00
# Visual Studio Version 17
VisualStudioVersion = 17.7.34221.43
MinimumVisualStudioVersion = 10.0.40219.1
Project("{9A19103F-16F7-4668-BE54-9A1E7A4F7556}") = "DAL", "DAL\DAL.csproj", "{5731BDAD-BF08-4EB9-BAAD-D4CD5D929FDF}"
EndProject
Project("{9A19103F-16F7-4668-BE54-9A1E7A4F7556}") = "BusinessLayer", "BusinessLayer\BusinessLayer.csproj", "{88117940-9192-4D5F-A892-4E1BC8567D5D}"
EndProject
Project("{9A19103F-16F7-4668-BE54-9A1E7A4F7556}") = "PresentationLayer", "PresentationLayer\PresentationLayer.csproj", "{640BFEDF-5D80-47CB-B673-E6E61E76C543}"
EndProject
Global
	GlobalSection(SolutionConfigurationPlatforms) = preSolution
		Debug|Any CPU = Debug|Any CPU
		Release|Any CPU = Release|Any CPU
	EndGlobalSection
	GlobalSection(ProjectConfigurationPlatforms) = postSolution
		{5731BDAD-BF08-4EB9-BAAD-D4CD5D929FDF}.Debug|Any CPU.ActiveCfg = Debug|Any CPU
		{5731BDAD-BF08-4EB9-BAAD-D4CD5D929FDF}.Debug|Any CPU.Build.0 = Debug|Any CPU
		{5731BDAD-BF08-4EB9-BAAD-D4CD5D929FDF}.Release|Any CPU.ActiveCfg = Release|Any CPU
		{5731BDAD-BF08-4EB9-BAAD-D4CD5D929FDF}.Release|Any CPU.Build.0 = Release|Any CPU
		{88117940-9192-4D5F-A892-4E1BC8567D5D}.Debug|Any CPU.ActiveCfg = Debug|Any CPU
		{88117940-9192-4D5F-A892-4E1BC8567D5D}.Debug|Any CPU.Build.0 = Debug|Any CPU
		{88117940-9192-4D5F-A892-4E1BC8567D5D}.Release|Any CPU.ActiveCfg = Release|Any CPU
		{88117940-9192-4D5F-A892-4E1BC8567D5D}.Release|Any CPU.Build.0 = Release|Any CPU
		{640BFEDF-5D80-47CB-B673-E6E61E76C543}.Debug|Any CPU.ActiveCfg = Debug|Any CPU
		{640BFEDF-5D80-47CB-B673-E6E61E76C543}.Debug|Any CPU.Build.0 = Debug|Any CPU
		{640BFEDF-5D80-47CB-B673-E6E61E76C543}.Release|Any CPU.ActiveCfg = Release|Any CPU
		{640BFEDF-5D80-47CB-B673-E6E61E76C543}.Release|Any CPU.Build.0 = Release|Any CPU
	EndGlobalSection
	GlobalSection(SolutionProperties) = preSolution
		HideSolutionNode = FALSE
	EndGlobalSection
	GlobalSection(ExtensibilityGlobals) = postSolution
		SolutionGuid = {C46AF51D-64B0-40D5-BB9E-3C36857B7D6C}
	EndGlobalSection
EndGlobal
